<?xml version="1.0" encoding="utf-8"?>
<Project ToolsVersion="4.0" xmlns="http://schemas.microsoft.com/developer/msbuild/2003">
  <ItemGroup>
    <Filter Include="Archivos de origen">
      <UniqueIdentifier>{4FC737F1-C7A5-4376-A066-2A32D752A2FF}</UniqueIdentifier>
      <Extensions>cpp;c;cc;cxx;def;odl;idl;hpj;bat;asm;asmx</Extensions>
    </Filter>
    <Filter Include="Archivos de encabezado">
      <UniqueIdentifier>{93995380-89BD-4b04-88EB-625FBE52EBFB}</UniqueIdentifier>
      <Extensions>h;hh;hpp;hxx;hm;inl;inc;xsd</Extensions>
    </Filter>
    <Filter Include="Archivos de recursos">
      <UniqueIdentifier>{67DA6AB6-F800-4c08-8B7A-83BB121AAD01}</UniqueIdentifier>
      <Extensions>rc;ico;cur;bmp;dlg;rc2;rct;bin;rgs;gif;jpg;jpeg;jpe;resx;tiff;tif;png;wav;mfcribbon-ms</Extensions>
    </Filter>
  </ItemGroup>
  <ItemGroup>
    <ClCompile Include="Main.c">
      <Filter>Archivos de origen</Filter>
    </ClCompile>
    <ClCompile Include="bossArbol.c">
      <Filter>Archivos de origen</Filter>
    </ClCompile>
    <ClCompile Include="bossEsqueleto.c">
      <Filter>Archivos de origen</Filter>
    </ClCompile>
    <ClCompile Include="bossHielo.c">
      <Filter>Archivos de origen</Filter>
    </ClCompile>
    <ClCompile Include="bossLava.c">
      <Filter>Archivos de origen</Filter>
    </ClCompile>
    <ClCompile Include="collisions.c">
      <Filter>Archivos de origen</Filter>
    </ClCompile>
    <ClCompile Include="doors.c">
      <Filter>Archivos de origen</Filter>
    </ClCompile>
    <ClCompile Include="enemy.c">
      <Filter>Archivos de origen</Filter>
    </ClCompile>
    <ClCompile Include="finalBoss.c">
      <Filter>Archivos de origen</Filter>
    </ClCompile>
    <ClCompile Include="FPSCounter.c">
      <Filter>Archivos de origen</Filter>
    </ClCompile>
    <ClCompile Include="gameOver.c">
      <Filter>Archivos de origen</Filter>
    </ClCompile>
    <ClCompile Include="InitRect.c">
      <Filter>Archivos de origen</Filter>
    </ClCompile>
    <ClCompile Include="InitStruct.c">
      <Filter>Archivos de origen</Filter>
    </ClCompile>
    <ClCompile Include="InitSurfAndTex.c">
      <Filter>Archivos de origen</Filter>
    </ClCompile>
    <ClCompile Include="levelManager.c">
      <Filter>Archivos de origen</Filter>
    </ClCompile>
    <ClCompile Include="life.c">
      <Filter>Archivos de origen</Filter>
    </ClCompile>
    <ClCompile Include="menu.c">
      <Filter>Archivos de origen</Filter>
    </ClCompile>
    <ClCompile Include="movement.c">
      <Filter>Archivos de origen</Filter>
    </ClCompile>
    <ClCompile Include="playerShooting.c">
      <Filter>Archivos de origen</Filter>
    </ClCompile>
    <ClCompile Include="restart.c">
      <Filter>Archivos de origen</Filter>
    </ClCompile>
    <ClCompile Include="score.c">
      <Filter>Archivos de origen</Filter>
    </ClCompile>
    <ClCompile Include="soinua.c">
      <Filter>Archivos de origen</Filter>
    </ClCompile>
    <ClCompile Include="weapon.c">
      <Filter>Archivos de origen</Filter>
    </ClCompile>
    <ClCompile Include="YouWin.c">
      <Filter>Archivos de origen</Filter>
    </ClCompile>
    <ClCompile Include="Animations.c">
      <Filter>Archivos de origen</Filter>
    </ClCompile>
  </ItemGroup>
  <ItemGroup>
    <ClInclude Include="Functions.h">
      <Filter>Archivos de encabezado</Filter>
    </ClInclude>
  </ItemGroup>
  <ItemGroup>
    <ResourceCompile Include="icon.rc">
      <Filter>Archivos de recursos</Filter>
    </ResourceCompile>
  </ItemGroup>
</Project>